// !$*UTF8*$!
{
	archiveVersion = 1;
	classes = {
	};
	objectVersion = 51;
	objects = {

/* Begin PBXBuildFile section */
		9239019B5DC8614D7DF1BB34 /* Pods_movimientovecinal.framework in Frameworks */ = {isa = PBXBuildFile; fileRef = E01C70439DA37548D6D901FD /* Pods_movimientovecinal.framework */; };
		B719D89225DDD46300DAB1DF /* AppDelegate.swift in Sources */ = {isa = PBXBuildFile; fileRef = B719D89125DDD46300DAB1DF /* AppDelegate.swift */; };
		B719D89425DDD46300DAB1DF /* SceneDelegate.swift in Sources */ = {isa = PBXBuildFile; fileRef = B719D89325DDD46300DAB1DF /* SceneDelegate.swift */; };
		B719D89625DDD46300DAB1DF /* ViewController.swift in Sources */ = {isa = PBXBuildFile; fileRef = B719D89525DDD46300DAB1DF /* ViewController.swift */; };
		B719D89925DDD46300DAB1DF /* Main.storyboard in Resources */ = {isa = PBXBuildFile; fileRef = B719D89725DDD46300DAB1DF /* Main.storyboard */; };
		B719D89B25DDD46400DAB1DF /* Assets.xcassets in Resources */ = {isa = PBXBuildFile; fileRef = B719D89A25DDD46400DAB1DF /* Assets.xcassets */; };
		B719D89E25DDD46400DAB1DF /* LaunchScreen.storyboard in Resources */ = {isa = PBXBuildFile; fileRef = B719D89C25DDD46400DAB1DF /* LaunchScreen.storyboard */; };
		B7B652A325DED43800158CE6 /* GoogleService-Info.plist in Resources */ = {isa = PBXBuildFile; fileRef = B7B652A225DED43800158CE6 /* GoogleService-Info.plist */; };
/* End PBXBuildFile section */

/* Begin PBXFileReference section */
		656915CCA1E0CA12C17ED36C /* Pods-movimientovecinal.release.xcconfig */ = {isa = PBXFileReference; includeInIndex = 1; lastKnownFileType = text.xcconfig; name = "Pods-movimientovecinal.release.xcconfig"; path = "Target Support Files/Pods-movimientovecinal/Pods-movimientovecinal.release.xcconfig"; sourceTree = "<group>"; };
		AB26C29D3260F2AAB77A862B /* Pods-movimientovecinal.debug.xcconfig */ = {isa = PBXFileReference; includeInIndex = 1; lastKnownFileType = text.xcconfig; name = "Pods-movimientovecinal.debug.xcconfig"; path = "Target Support Files/Pods-movimientovecinal/Pods-movimientovecinal.debug.xcconfig"; sourceTree = "<group>"; };
		B719D88E25DDD46300DAB1DF /* movimientovecinal.app */ = {isa = PBXFileReference; explicitFileType = wrapper.application; includeInIndex = 0; path = movimientovecinal.app; sourceTree = BUILT_PRODUCTS_DIR; };
		B719D89125DDD46300DAB1DF /* AppDelegate.swift */ = {isa = PBXFileReference; lastKnownFileType = sourcecode.swift; path = AppDelegate.swift; sourceTree = "<group>"; };
		B719D89325DDD46300DAB1DF /* SceneDelegate.swift */ = {isa = PBXFileReference; lastKnownFileType = sourcecode.swift; path = SceneDelegate.swift; sourceTree = "<group>"; };
		B719D89525DDD46300DAB1DF /* ViewController.swift */ = {isa = PBXFileReference; lastKnownFileType = sourcecode.swift; path = ViewController.swift; sourceTree = "<group>"; };
		B719D89825DDD46300DAB1DF /* Base */ = {isa = PBXFileReference; lastKnownFileType = file.storyboard; name = Base; path = Base.lproj/Main.storyboard; sourceTree = "<group>"; };
		B719D89A25DDD46400DAB1DF /* Assets.xcassets */ = {isa = PBXFileReference; lastKnownFileType = folder.assetcatalog; path = Assets.xcassets; sourceTree = "<group>"; };
		B719D89D25DDD46400DAB1DF /* Base */ = {isa = PBXFileReference; lastKnownFileType = file.storyboard; name = Base; path = Base.lproj/LaunchScreen.storyboard; sourceTree = "<group>"; };
		B719D89F25DDD46400DAB1DF /* Info.plist */ = {isa = PBXFileReference; lastKnownFileType = text.plist.xml; path = Info.plist; sourceTree = "<group>"; };
		B7B652A225DED43800158CE6 /* GoogleService-Info.plist */ = {isa = PBXFileReference; fileEncoding = 4; lastKnownFileType = text.plist.xml; name = "GoogleService-Info.plist"; path = "../../GoogleService-Info.plist"; sourceTree = "<group>"; };
		E01C70439DA37548D6D901FD /* Pods_movimientovecinal.framework */ = {isa = PBXFileReference; explicitFileType = wrapper.framework; includeInIndex = 0; path = Pods_movimientovecinal.framework; sourceTree = BUILT_PRODUCTS_DIR; };
/* End PBXFileReference section */

/* Begin PBXFrameworksBuildPhase section */
		B719D88B25DDD46300DAB1DF /* Frameworks */ = {
			isa = PBXFrameworksBuildPhase;
			buildActionMask = 2147483647;
			files = (
				9239019B5DC8614D7DF1BB34 /* Pods_movimientovecinal.framework in Frameworks */,
			);
			runOnlyForDeploymentPostprocessing = 0;
		};
/* End PBXFrameworksBuildPhase section */

/* Begin PBXGroup section */
		1659E05132FD0B29CAC9CAE2 /* Frameworks */ = {
			isa = PBXGroup;
			children = (
				E01C70439DA37548D6D901FD /* Pods_movimientovecinal.framework */,
			);
			name = Frameworks;
			sourceTree = "<group>";
		};
		B719D88525DDD46300DAB1DF = {
			isa = PBXGroup;
			children = (
				B719D89025DDD46300DAB1DF /* movimientovecinal */,
				B719D88F25DDD46300DAB1DF /* Products */,
				BC563B3C1419AAB92BA36964 /* Pods */,
				1659E05132FD0B29CAC9CAE2 /* Frameworks */,
			);
			sourceTree = "<group>";
		};
		B719D88F25DDD46300DAB1DF /* Products */ = {
			isa = PBXGroup;
			children = (
				B719D88E25DDD46300DAB1DF /* movimientovecinal.app */,
			);
			name = Products;
			sourceTree = "<group>";
		};
		B719D89025DDD46300DAB1DF /* movimientovecinal */ = {
			isa = PBXGroup;
			children = (
				B7B652A225DED43800158CE6 /* GoogleService-Info.plist */,
				B719D89125DDD46300DAB1DF /* AppDelegate.swift */,
				B719D89325DDD46300DAB1DF /* SceneDelegate.swift */,
				B719D89525DDD46300DAB1DF /* ViewController.swift */,
				B719D89725DDD46300DAB1DF /* Main.storyboard */,
				B719D89A25DDD46400DAB1DF /* Assets.xcassets */,
				B719D89C25DDD46400DAB1DF /* LaunchScreen.storyboard */,
				B719D89F25DDD46400DAB1DF /* Info.plist */,
			);
			path = movimientovecinal;
			sourceTree = "<group>";
		};
		BC563B3C1419AAB92BA36964 /* Pods */ = {
			isa = PBXGroup;
			children = (
				AB26C29D3260F2AAB77A862B /* Pods-movimientovecinal.debug.xcconfig */,
				656915CCA1E0CA12C17ED36C /* Pods-movimientovecinal.release.xcconfig */,
			);
			path = Pods;
			sourceTree = "<group>";
		};
/* End PBXGroup section */

/* Begin PBXNativeTarget section */
		B719D88D25DDD46300DAB1DF /* movimientovecinal */ = {
			isa = PBXNativeTarget;
			buildConfigurationList = B719D8A225DDD46400DAB1DF /* Build configuration list for PBXNativeTarget "movimientovecinal" */;
			buildPhases = (
				0536D1085B3EF4156CBD8039 /* [CP] Check Pods Manifest.lock */,
				B719D88A25DDD46300DAB1DF /* Sources */,
				B719D88B25DDD46300DAB1DF /* Frameworks */,
				B719D88C25DDD46300DAB1DF /* Resources */,
				090A219F51296030FFDC8F54 /* [CP] Embed Pods Frameworks */,
			);
			buildRules = (
			);
			dependencies = (
			);
			name = movimientovecinal;
			productName = movimientovecinal;
			productReference = B719D88E25DDD46300DAB1DF /* movimientovecinal.app */;
			productType = "com.apple.product-type.application";
		};
/* End PBXNativeTarget section */

/* Begin PBXProject section */
		B719D88625DDD46300DAB1DF /* Project object */ = {
			isa = PBXProject;
			attributes = {
				LastSwiftUpdateCheck = 1240;
				LastUpgradeCheck = 1240;
				TargetAttributes = {
					B719D88D25DDD46300DAB1DF = {
						CreatedOnToolsVersion = 12.4;
					};
				};
			};
			buildConfigurationList = B719D88925DDD46300DAB1DF /* Build configuration list for PBXProject "movimientovecinal" */;
			compatibilityVersion = "Xcode 9.3";
			developmentRegion = en;
			hasScannedForEncodings = 0;
			knownRegions = (
				en,
				Base,
			);
			mainGroup = B719D88525DDD46300DAB1DF;
			productRefGroup = B719D88F25DDD46300DAB1DF /* Products */;
			projectDirPath = "";
			projectRoot = "";
			targets = (
				B719D88D25DDD46300DAB1DF /* movimientovecinal */,
			);
		};
/* End PBXProject section */

/* Begin PBXResourcesBuildPhase section */
		B719D88C25DDD46300DAB1DF /* Resources */ = {
			isa = PBXResourcesBuildPhase;
			buildActionMask = 2147483647;
			files = (
				B719D89E25DDD46400DAB1DF /* LaunchScreen.storyboard in Resources */,
				B7B652A325DED43800158CE6 /* GoogleService-Info.plist in Resources */,
				B719D89B25DDD46400DAB1DF /* Assets.xcassets in Resources */,
				B719D89925DDD46300DAB1DF /* Main.storyboard in Resources */,
			);
			runOnlyForDeploymentPostprocessing = 0;
		};
/* End PBXResourcesBuildPhase section */

/* Begin PBXShellScriptBuildPhase section */
		0536D1085B3EF4156CBD8039 /* [CP] Check Pods Manifest.lock */ = {
			isa = PBXShellScriptBuildPhase;
			buildActionMask = 2147483647;
			files = (
			);
			inputFileListPaths = (
			);
			inputPaths = (
				"${PODS_PODFILE_DIR_PATH}/Podfile.lock",
				"${PODS_ROOT}/Manifest.lock",
			);
			name = "[CP] Check Pods Manifest.lock";
			outputFileListPaths = (
			);
			outputPaths = (
				"$(DERIVED_FILE_DIR)/Pods-movimientovecinal-checkManifestLockResult.txt",
			);
			runOnlyForDeploymentPostprocessing = 0;
			shellPath = /bin/sh;
			shellScript = "diff \"${PODS_PODFILE_DIR_PATH}/Podfile.lock\" \"${PODS_ROOT}/Manifest.lock\" > /dev/null\nif [ $? != 0 ] ; then\n    # print error to STDERR\n    echo \"error: The sandbox is not in sync with the Podfile.lock. Run 'pod install' or update your CocoaPods installation.\" >&2\n    exit 1\nfi\n# This output is used by Xcode 'outputs' to avoid re-running this script phase.\necho \"SUCCESS\" > \"${SCRIPT_OUTPUT_FILE_0}\"\n";
			showEnvVarsInLog = 0;
		};
		090A219F51296030FFDC8F54 /* [CP] Embed Pods Frameworks */ = {
			isa = PBXShellScriptBuildPhase;
			buildActionMask = 2147483647;
			files = (
			);
			inputFileListPaths = (
				"${PODS_ROOT}/Target Support Files/Pods-movimientovecinal/Pods-movimientovecinal-frameworks-${CONFIGURATION}-input-files.xcfilelist",
			);
			name = "[CP] Embed Pods Frameworks";
			outputFileListPaths = (
				"${PODS_ROOT}/Target Support Files/Pods-movimientovecinal/Pods-movimientovecinal-frameworks-${CONFIGURATION}-output-files.xcfilelist",
			);
			runOnlyForDeploymentPostprocessing = 0;
			shellPath = /bin/sh;
			shellScript = "\"${PODS_ROOT}/Target Support Files/Pods-movimientovecinal/Pods-movimientovecinal-frameworks.sh\"\n";
			showEnvVarsInLog = 0;
		};
/* End PBXShellScriptBuildPhase section */

/* Begin PBXSourcesBuildPhase section */
		B719D88A25DDD46300DAB1DF /* Sources */ = {
			isa = PBXSourcesBuildPhase;
			buildActionMask = 2147483647;
			files = (
				B719D89625DDD46300DAB1DF /* ViewController.swift in Sources */,
				B719D89225DDD46300DAB1DF /* AppDelegate.swift in Sources */,
				B719D89425DDD46300DAB1DF /* SceneDelegate.swift in Sources */,
			);
			runOnlyForDeploymentPostprocessing = 0;
		};
/* End PBXSourcesBuildPhase section */

/* Begin PBXVariantGroup section */
		B719D89725DDD46300DAB1DF /* Main.storyboard */ = {
			isa = PBXVariantGroup;
			children = (
				B719D89825DDD46300DAB1DF /* Base */,
			);
			name = Main.storyboard;
			sourceTree = "<group>";
		};
		B719D89C25DDD46400DAB1DF /* LaunchScreen.storyboard */ = {
			isa = PBXVariantGroup;
			children = (
				B719D89D25DDD46400DAB1DF /* Base */,
			);
			name = LaunchScreen.storyboard;
			sourceTree = "<group>";
		};
/* End PBXVariantGroup section */

/* Begin XCBuildConfiguration section */
		B719D8A025DDD46400DAB1DF /* Debug */ = {
			isa = XCBuildConfiguration;
			buildSettings = {
				ALWAYS_SEARCH_USER_PATHS = NO;
				CLANG_ANALYZER_NONNULL = YES;
				CLANG_ANALYZER_NUMBER_OBJECT_CONVERSION = YES_AGGRESSIVE;
				CLANG_CXX_LANGUAGE_STANDARD = "gnu++14";
				CLANG_CXX_LIBRARY = "libc++";
				CLANG_ENABLE_MODULES = YES;
				CLANG_ENABLE_OBJC_ARC = YES;
				CLANG_ENABLE_OBJC_WEAK = YES;
				CLANG_WARN_BLOCK_CAPTURE_AUTORELEASING = YES;
				CLANG_WARN_BOOL_CONVERSION = YES;
				CLANG_WARN_COMMA = YES;
				CLANG_WARN_CONSTANT_CONVERSION = YES;
				CLANG_WARN_DEPRECATED_OBJC_IMPLEMENTATIONS = YES;
				CLANG_WARN_DIRECT_OBJC_ISA_USAGE = YES_ERROR;
				CLANG_WARN_DOCUMENTATION_COMMENTS = YES;
				CLANG_WARN_EMPTY_BODY = YES;
				CLANG_WARN_ENUM_CONVERSION = YES;
				CLANG_WARN_INFINITE_RECURSION = YES;
				CLANG_WARN_INT_CONVERSION = YES;
				CLANG_WARN_NON_LITERAL_NULL_CONVERSION = YES;
				CLANG_WARN_OBJC_IMPLICIT_RETAIN_SELF = YES;
				CLANG_WARN_OBJC_LITERAL_CONVERSION = YES;
				CLANG_WARN_OBJC_ROOT_CLASS = YES_ERROR;
				CLANG_WARN_QUOTED_INCLUDE_IN_FRAMEWORK_HEADER = YES;
				CLANG_WARN_RANGE_LOOP_ANALYSIS = YES;
				CLANG_WARN_STRICT_PROTOTYPES = YES;
				CLANG_WARN_SUSPICIOUS_MOVE = YES;
				CLANG_WARN_UNGUARDED_AVAILABILITY = YES_AGGRESSIVE;
				CLANG_WARN_UNREACHABLE_CODE = YES;
				CLANG_WARN__DUPLICATE_METHOD_MATCH = YES;
				COPY_PHASE_STRIP = NO;
				DEBUG_INFORMATION_FORMAT = dwarf;
				ENABLE_STRICT_OBJC_MSGSEND = YES;
				ENABLE_TESTABILITY = YES;
				GCC_C_LANGUAGE_STANDARD = gnu11;
				GCC_DYNAMIC_NO_PIC = NO;
				GCC_NO_COMMON_BLOCKS = YES;
				GCC_OPTIMIZATION_LEVEL = 0;
				GCC_PREPROCESSOR_DEFINITIONS = (
					"DEBUG=1",
					"$(inherited)",
				);
				GCC_WARN_64_TO_32_BIT_CONVERSION = YES;
				GCC_WARN_ABOUT_RETURN_TYPE = YES_ERROR;
				GCC_WARN_UNDECLARED_SELECTOR = YES;
				GCC_WARN_UNINITIALIZED_AUTOS = YES_AGGRESSIVE;
				GCC_WARN_UNUSED_FUNCTION = YES;
				GCC_WARN_UNUSED_VARIABLE = YES;
				IPHONEOS_DEPLOYMENT_TARGET = 14.4;
				MTL_ENABLE_DEBUG_INFO = INCLUDE_SOURCE;
				MTL_FAST_MATH = YES;
				ONLY_ACTIVE_ARCH = YES;
				SDKROOT = iphoneos;
				SWIFT_ACTIVE_COMPILATION_CONDITIONS = DEBUG;
				SWIFT_OPTIMIZATION_LEVEL = "-Onone";
			};
			name = Debug;
		};
		B719D8A125DDD46400DAB1DF /* Release */ = {
			isa = XCBuildConfiguration;
			buildSettings = {
				ALWAYS_SEARCH_USER_PATHS = NO;
				CLANG_ANALYZER_NONNULL = YES;
				CLANG_ANALYZER_NUMBER_OBJECT_CONVERSION = YES_AGGRESSIVE;
				CLANG_CXX_LANGUAGE_STANDARD = "gnu++14";
				CLANG_CXX_LIBRARY = "libc++";
				CLANG_ENABLE_MODULES = YES;
				CLANG_ENABLE_OBJC_ARC = YES;
				CLANG_ENABLE_OBJC_WEAK = YES;
				CLANG_WARN_BLOCK_CAPTURE_AUTORELEASING = YES;
				CLANG_WARN_BOOL_CONVERSION = YES;
				CLANG_WARN_COMMA = YES;
				CLANG_WARN_CONSTANT_CONVERSION = YES;
				CLANG_WARN_DEPRECATED_OBJC_IMPLEMENTATIONS = YES;
				CLANG_WARN_DIRECT_OBJC_ISA_USAGE = YES_ERROR;
				CLANG_WARN_DOCUMENTATION_COMMENTS = YES;
				CLANG_WARN_EMPTY_BODY = YES;
				CLANG_WARN_ENUM_CONVERSION = YES;
				CLANG_WARN_INFINITE_RECURSION = YES;
				CLANG_WARN_INT_CONVERSION = YES;
				CLANG_WARN_NON_LITERAL_NULL_CONVERSION = YES;
				CLANG_WARN_OBJC_IMPLICIT_RETAIN_SELF = YES;
				CLANG_WARN_OBJC_LITERAL_CONVERSION = YES;
				CLANG_WARN_OBJC_ROOT_CLASS = YES_ERROR;
				CLANG_WARN_QUOTED_INCLUDE_IN_FRAMEWORK_HEADER = YES;
				CLANG_WARN_RANGE_LOOP_ANALYSIS = YES;
				CLANG_WARN_STRICT_PROTOTYPES = YES;
				CLANG_WARN_SUSPICIOUS_MOVE = YES;
				CLANG_WARN_UNGUARDED_AVAILABILITY = YES_AGGRESSIVE;
				CLANG_WARN_UNREACHABLE_CODE = YES;
				CLANG_WARN__DUPLICATE_METHOD_MATCH = YES;
				COPY_PHASE_STRIP = NO;
				DEBUG_INFORMATION_FORMAT = "dwarf-with-dsym";
				ENABLE_NS_ASSERTIONS = NO;
				ENABLE_STRICT_OBJC_MSGSEND = YES;
				GCC_C_LANGUAGE_STANDARD = gnu11;
				GCC_NO_COMMON_BLOCKS = YES;
				GCC_WARN_64_TO_32_BIT_CONVERSION = YES;
				GCC_WARN_ABOUT_RETURN_TYPE = YES_ERROR;
				GCC_WARN_UNDECLARED_SELECTOR = YES;
				GCC_WARN_UNINITIALIZED_AUTOS = YES_AGGRESSIVE;
				GCC_WARN_UNUSED_FUNCTION = YES;
				GCC_WARN_UNUSED_VARIABLE = YES;
				IPHONEOS_DEPLOYMENT_TARGET = 14.4;
				MTL_ENABLE_DEBUG_INFO = NO;
				MTL_FAST_MATH = YES;
				SDKROOT = iphoneos;
				SWIFT_COMPILATION_MODE = wholemodule;
				SWIFT_OPTIMIZATION_LEVEL = "-O";
				VALIDATE_PRODUCT = YES;
			};
			name = Release;
		};
		B719D8A325DDD46400DAB1DF /* Debug */ = {
			isa = XCBuildConfiguration;
			baseConfigurationReference = AB26C29D3260F2AAB77A862B /* Pods-movimientovecinal.debug.xcconfig */;
			buildSettings = {
				ASSETCATALOG_COMPILER_APPICON_NAME = AppIcon;
				ASSETCATALOG_COMPILER_GLOBAL_ACCENT_COLOR_NAME = AccentColor;
				CODE_SIGN_STYLE = Automatic;
				DEVELOPMENT_TEAM = XTUGB62F9D;
				INFOPLIST_FILE = movimientovecinal/Info.plist;
				IPHONEOS_DEPLOYMENT_TARGET = 12.1;
				LD_RUNPATH_SEARCH_PATHS = (
					"$(inherited)",
					"@executable_path/Frameworks",
				);
				PRODUCT_BUNDLE_IDENTIFIER = mx.gob.sspo.movimientovecinal;
				PRODUCT_NAME = "$(TARGET_NAME)";
				SWIFT_VERSION = 5.0;
				TARGETED_DEVICE_FAMILY = 1;
			};
			name = Debug;
		};
		B719D8A425DDD46400DAB1DF /* Release */ = {
			isa = XCBuildConfiguration;
			baseConfigurationReference = 656915CCA1E0CA12C17ED36C /* Pods-movimientovecinal.release.xcconfig */;
			buildSettings = {
				ASSETCATALOG_COMPILER_APPICON_NAME = AppIcon;
				ASSETCATALOG_COMPILER_GLOBAL_ACCENT_COLOR_NAME = AccentColor;
				CODE_SIGN_STYLE = Automatic;
				DEVELOPMENT_TEAM = XTUGB62F9D;
				INFOPLIST_FILE = movimientovecinal/Info.plist;
				IPHONEOS_DEPLOYMENT_TARGET = 12.1;
				LD_RUNPATH_SEARCH_PATHS = (
					"$(inherited)",
					"@executable_path/Frameworks",
				);
				PRODUCT_BUNDLE_IDENTIFIER = mx.gob.sspo.movimientovecinal;
				PRODUCT_NAME = "$(TARGET_NAME)";
				SWIFT_VERSION = 5.0;
				TARGETED_DEVICE_FAMILY = 1;
			};
			name = Release;
		};
/* End XCBuildConfiguration section */

/* Begin XCConfigurationList section */
		B719D88925DDD46300DAB1DF /* Build configuration list for PBXProject "movimientovecinal" */ = {
			isa = XCConfigurationList;
			buildConfigurations = (
				B719D8A025DDD46400DAB1DF /* Debug */,
				B719D8A125DDD46400DAB1DF /* Release */,
			);
			defaultConfigurationIsVisible = 0;
			defaultConfigurationName = Release;
		};
		B719D8A225DDD46400DAB1DF /* Build configuration list for PBXNativeTarget "movimientovecinal" */ = {
			isa = XCConfigurationList;
			buildConfigurations = (
				B719D8A325DDD46400DAB1DF /* Debug */,
				B719D8A425DDD46400DAB1DF /* Release */,
			);
			defaultConfigurationIsVisible = 0;
			defaultConfigurationName = Release;
		};
/* End XCConfigurationList section */
	};
	rootObject = B719D88625DDD46300DAB1DF /* Project object */;
}
